
Microsoft Visual Studio Solution File, Format Version 12.00
# Visual Studio Version 17
VisualStudioVersion = 17.2.32616.157
MinimumVisualStudioVersion = 10.0.40219.1
Project("{9A19103F-16F7-4668-BE54-9A1E7A4F7556}") = "NugetNinja", "src\NugetNinja\NugetNinja.csproj", "{1214F871-4ADC-44BD-8805-E88098F31FA3}"
EndProject
Project("{9A19103F-16F7-4668-BE54-9A1E7A4F7556}") = "NugetNinja.Core", "src\NugetNinja.Core\NugetNinja.Core.csproj", "{3F917B91-7B86-45B2-BD18-9A0F289E99BF}"
EndProject
Project("{9A19103F-16F7-4668-BE54-9A1E7A4F7556}") = "NugetNinja.UselessPackageReferencePlugin", "src\NugetNinja.UselessPackageReferencePlugin\NugetNinja.UselessPackageReferencePlugin.csproj", "{32D0EDB1-AECB-42E4-8D85-FE977AED343D}"
EndProject
Project("{9A19103F-16F7-4668-BE54-9A1E7A4F7556}") = "NugetNinja.UselessProjectReferencePlugin", "src\NugetNinja.UselessProjectReferencePlugin\NugetNinja.UselessProjectReferencePlugin.csproj", "{D44046E7-54E5-4625-A033-AF5202695A0A}"
EndProject
Project("{9A19103F-16F7-4668-BE54-9A1E7A4F7556}") = "NugetNinja.PossiblePackageUpgradePlugin", "src\NugetNinja.PossiblePackageUpgradePlugin\NugetNinja.PossiblePackageUpgradePlugin.csproj", "{6717E4B2-4A4F-49A0-B694-E264257E77B6}"
EndProject
Project("{2150E333-8FDC-42A3-9474-1A3956D46DE8}") = "src", "src", "{EE324A7A-86D4-4B7D-ADC5-3E6504738413}"
EndProject
Project("{2150E333-8FDC-42A3-9474-1A3956D46DE8}") = "tests", "tests", "{54B33DDA-6F88-4557-BF10-9833A4C45862}"
EndProject
Project("{9A19103F-16F7-4668-BE54-9A1E7A4F7556}") = "NugetNinja.Core.Tests", "tests\NugetNinja.Core.Tests\NugetNinja.Core.Tests.csproj", "{A788519C-3C01-49FB-B996-957F3C370D26}"
EndProject
Project("{9A19103F-16F7-4668-BE54-9A1E7A4F7556}") = "NugetNinja.DeprecatedPackagePlugin", "src\NugetNinja.DeprecatedPackagePlugin\NugetNinja.DeprecatedPackagePlugin.csproj", "{C5040371-61FC-4A13-BE84-89FF8E1A0DA5}"
EndProject
Project("{2150E333-8FDC-42A3-9474-1A3956D46DE8}") = "plugins", "plugins", "{0EEF3C9A-9684-4642-9A66-8CD819EC6235}"
EndProject
Project("{9A19103F-16F7-4668-BE54-9A1E7A4F7556}") = "NugetNinja.AllOfficialsPlugin", "src\NugetNinja.AllOfficialsPlugin\NugetNinja.AllOfficialsPlugin.csproj", "{D2D68A5F-3283-4001-840F-3E14A9B372E8}"
EndProject
Project("{9A19103F-16F7-4668-BE54-9A1E7A4F7556}") = "NugetNinja.MissingPropertyPlugin", "src\NugetNinja.MissingPropertyPlugin\NugetNinja.MissingPropertyPlugin.csproj", "{335BE82E-E650-4E62-8107-B6BBD34E3107}"
EndProject
Project("{9A19103F-16F7-4668-BE54-9A1E7A4F7556}") = "NugetNinja.PrBot", "src\NugetNinja.PrBot\NugetNinja.PrBot.csproj", "{FF24D161-7796-4CA2-A652-061DBEE89626}"
EndProject
Global
	GlobalSection(SolutionConfigurationPlatforms) = preSolution
		Debug|Any CPU = Debug|Any CPU
		Release|Any CPU = Release|Any CPU
	EndGlobalSection
	GlobalSection(ProjectConfigurationPlatforms) = postSolution
		{1214F871-4ADC-44BD-8805-E88098F31FA3}.Debug|Any CPU.ActiveCfg = Debug|Any CPU
		{1214F871-4ADC-44BD-8805-E88098F31FA3}.Debug|Any CPU.Build.0 = Debug|Any CPU
		{1214F871-4ADC-44BD-8805-E88098F31FA3}.Release|Any CPU.ActiveCfg = Release|Any CPU
		{1214F871-4ADC-44BD-8805-E88098F31FA3}.Release|Any CPU.Build.0 = Release|Any CPU
		{3F917B91-7B86-45B2-BD18-9A0F289E99BF}.Debug|Any CPU.ActiveCfg = Debug|Any CPU
		{3F917B91-7B86-45B2-BD18-9A0F289E99BF}.Debug|Any CPU.Build.0 = Debug|Any CPU
		{3F917B91-7B86-45B2-BD18-9A0F289E99BF}.Release|Any CPU.ActiveCfg = Release|Any CPU
		{3F917B91-7B86-45B2-BD18-9A0F289E99BF}.Release|Any CPU.Build.0 = Release|Any CPU
		{32D0EDB1-AECB-42E4-8D85-FE977AED343D}.Debug|Any CPU.ActiveCfg = Debug|Any CPU
		{32D0EDB1-AECB-42E4-8D85-FE977AED343D}.Debug|Any CPU.Build.0 = Debug|Any CPU
		{32D0EDB1-AECB-42E4-8D85-FE977AED343D}.Release|Any CPU.ActiveCfg = Release|Any CPU
		{32D0EDB1-AECB-42E4-8D85-FE977AED343D}.Release|Any CPU.Build.0 = Release|Any CPU
		{D44046E7-54E5-4625-A033-AF5202695A0A}.Debug|Any CPU.ActiveCfg = Debug|Any CPU
		{D44046E7-54E5-4625-A033-AF5202695A0A}.Debug|Any CPU.Build.0 = Debug|Any CPU
		{D44046E7-54E5-4625-A033-AF5202695A0A}.Release|Any CPU.ActiveCfg = Release|Any CPU
		{D44046E7-54E5-4625-A033-AF5202695A0A}.Release|Any CPU.Build.0 = Release|Any CPU
		{6717E4B2-4A4F-49A0-B694-E264257E77B6}.Debug|Any CPU.ActiveCfg = Debug|Any CPU
		{6717E4B2-4A4F-49A0-B694-E264257E77B6}.Debug|Any CPU.Build.0 = Debug|Any CPU
		{6717E4B2-4A4F-49A0-B694-E264257E77B6}.Release|Any CPU.ActiveCfg = Release|Any CPU
		{6717E4B2-4A4F-49A0-B694-E264257E77B6}.Release|Any CPU.Build.0 = Release|Any CPU
		{A788519C-3C01-49FB-B996-957F3C370D26}.Debug|Any CPU.ActiveCfg = Debug|Any CPU
		{A788519C-3C01-49FB-B996-957F3C370D26}.Debug|Any CPU.Build.0 = Debug|Any CPU
		{A788519C-3C01-49FB-B996-957F3C370D26}.Release|Any CPU.ActiveCfg = Release|Any CPU
		{A788519C-3C01-49FB-B996-957F3C370D26}.Release|Any CPU.Build.0 = Release|Any CPU
		{C5040371-61FC-4A13-BE84-89FF8E1A0DA5}.Debug|Any CPU.ActiveCfg = Debug|Any CPU
		{C5040371-61FC-4A13-BE84-89FF8E1A0DA5}.Debug|Any CPU.Build.0 = Debug|Any CPU
		{C5040371-61FC-4A13-BE84-89FF8E1A0DA5}.Release|Any CPU.ActiveCfg = Release|Any CPU
		{C5040371-61FC-4A13-BE84-89FF8E1A0DA5}.Release|Any CPU.Build.0 = Release|Any CPU
		{D2D68A5F-3283-4001-840F-3E14A9B372E8}.Debug|Any CPU.ActiveCfg = Debug|Any CPU
		{D2D68A5F-3283-4001-840F-3E14A9B372E8}.Debug|Any CPU.Build.0 = Debug|Any CPU
		{D2D68A5F-3283-4001-840F-3E14A9B372E8}.Release|Any CPU.ActiveCfg = Release|Any CPU
		{D2D68A5F-3283-4001-840F-3E14A9B372E8}.Release|Any CPU.Build.0 = Release|Any CPU
		{335BE82E-E650-4E62-8107-B6BBD34E3107}.Debug|Any CPU.ActiveCfg = Debug|Any CPU
		{335BE82E-E650-4E62-8107-B6BBD34E3107}.Debug|Any CPU.Build.0 = Debug|Any CPU
		{335BE82E-E650-4E62-8107-B6BBD34E3107}.Release|Any CPU.ActiveCfg = Release|Any CPU
		{335BE82E-E650-4E62-8107-B6BBD34E3107}.Release|Any CPU.Build.0 = Release|Any CPU
		{FF24D161-7796-4CA2-A652-061DBEE89626}.Debug|Any CPU.ActiveCfg = Debug|Any CPU
		{FF24D161-7796-4CA2-A652-061DBEE89626}.Debug|Any CPU.Build.0 = Debug|Any CPU
		{FF24D161-7796-4CA2-A652-061DBEE89626}.Release|Any CPU.ActiveCfg = Release|Any CPU
		{FF24D161-7796-4CA2-A652-061DBEE89626}.Release|Any CPU.Build.0 = Release|Any CPU
	EndGlobalSection
	GlobalSection(SolutionProperties) = preSolution
		HideSolutionNode = FALSE
	EndGlobalSection
	GlobalSection(NestedProjects) = preSolution
		{1214F871-4ADC-44BD-8805-E88098F31FA3} = {EE324A7A-86D4-4B7D-ADC5-3E6504738413}
		{3F917B91-7B86-45B2-BD18-9A0F289E99BF} = {EE324A7A-86D4-4B7D-ADC5-3E6504738413}
		{32D0EDB1-AECB-42E4-8D85-FE977AED343D} = {0EEF3C9A-9684-4642-9A66-8CD819EC6235}
		{D44046E7-54E5-4625-A033-AF5202695A0A} = {0EEF3C9A-9684-4642-9A66-8CD819EC6235}
		{6717E4B2-4A4F-49A0-B694-E264257E77B6} = {0EEF3C9A-9684-4642-9A66-8CD819EC6235}
		{A788519C-3C01-49FB-B996-957F3C370D26} = {54B33DDA-6F88-4557-BF10-9833A4C45862}
		{C5040371-61FC-4A13-BE84-89FF8E1A0DA5} = {0EEF3C9A-9684-4642-9A66-8CD819EC6235}
		{0EEF3C9A-9684-4642-9A66-8CD819EC6235} = {EE324A7A-86D4-4B7D-ADC5-3E6504738413}
		{D2D68A5F-3283-4001-840F-3E14A9B372E8} = {0EEF3C9A-9684-4642-9A66-8CD819EC6235}
		{335BE82E-E650-4E62-8107-B6BBD34E3107} = {0EEF3C9A-9684-4642-9A66-8CD819EC6235}
		{FF24D161-7796-4CA2-A652-061DBEE89626} = {EE324A7A-86D4-4B7D-ADC5-3E6504738413}
	EndGlobalSection
	GlobalSection(ExtensibilityGlobals) = postSolution
		SolutionGuid = {2352F460-4B23-4215-951C-A3E923145148}
	EndGlobalSection
EndGlobal
